
Microsoft Visual Studio Solution File, Format Version 12.00
# Visual Studio Version 17
VisualStudioVersion = 17.5.33530.505
MinimumVisualStudioVersion = 10.0.40219.1
Project("{FAE04EC0-301F-11D3-BF4B-00C04F79EFBC}") = "Microsoft Rewards Farmer", "Microsoft Rewards Farmer.csproj", "{54A4152B-46B7-4629-890B-17716DF6F4FC}"
EndProject
Global
	GlobalSection(SolutionConfigurationPlatforms) = preSolution
		Debug|Any CPU = Debug|Any CPU
		Release|Any CPU = Release|Any CPU
	EndGlobalSection
	GlobalSection(ProjectConfigurationPlatforms) = postSolution
		{54A4152B-46B7-4629-890B-17716DF6F4FC}.Debug|Any CPU.ActiveCfg = Debug|Any CPU
		{54A4152B-46B7-4629-890B-17716DF6F4FC}.Debug|Any CPU.Build.0 = Debug|Any CPU
		{54A4152B-46B7-4629-890B-17716DF6F4FC}.Release|Any CPU.ActiveCfg = Release|Any CPU
		{54A4152B-46B7-4629-890B-17716DF6F4FC}.Release|Any CPU.Build.0 = Release|Any CPU
	EndGlobalSection
	GlobalSection(SolutionProperties) = preSolution
		HideSolutionNode = FALSE
	EndGlobalSection
	GlobalSection(ExtensibilityGlobals) = postSolution
		SolutionGuid = {53CABA55-7FD8-4C26-9537-6470D0C029A0}
	EndGlobalSection
EndGlobal
